
Microsoft Visual Studio Solution File, Format Version 12.00
# Visual Studio Version 17
VisualStudioVersion = 17.14.36811.4
MinimumVisualStudioVersion = 10.0.40219.1
Project("{FAE04EC0-301F-11D3-BF4B-00C04F79EFBC}") = "exercicio2", "exercicio2\exercicio2.csproj", "{15DD3ADF-CA73-4B7C-BBC3-E43F0CFA8853}"
EndProject
Global
	GlobalSection(SolutionConfigurationPlatforms) = preSolution
		Debug|Any CPU = Debug|Any CPU
		Release|Any CPU = Release|Any CPU
	EndGlobalSection
	GlobalSection(ProjectConfigurationPlatforms) = postSolution
		{15DD3ADF-CA73-4B7C-BBC3-E43F0CFA8853}.Debug|Any CPU.ActiveCfg = Debug|Any CPU
		{15DD3ADF-CA73-4B7C-BBC3-E43F0CFA8853}.Debug|Any CPU.Build.0 = Debug|Any CPU
		{15DD3ADF-CA73-4B7C-BBC3-E43F0CFA8853}.Release|Any CPU.ActiveCfg = Release|Any CPU
		{15DD3ADF-CA73-4B7C-BBC3-E43F0CFA8853}.Release|Any CPU.Build.0 = Release|Any CPU
	EndGlobalSection
	GlobalSection(SolutionProperties) = preSolution
		HideSolutionNode = FALSE
	EndGlobalSection
	GlobalSection(ExtensibilityGlobals) = postSolution
		SolutionGuid = {260A8482-4232-4AF2-846B-DA5CE5A37CAC}
	EndGlobalSection
EndGlobal
