
Microsoft Visual Studio Solution File, Format Version 12.00
# Visual Studio Version 17
VisualStudioVersion = 17.11.35312.102
MinimumVisualStudioVersion = 10.0.40219.1
Project("{FAE04EC0-301F-11D3-BF4B-00C04F79EFBC}") = "atividadeDiagnostica", "atividadeDiagnostica\atividadeDiagnostica.csproj", "{597371DC-8F03-469F-9D47-AE63BB8ABCAA}"
EndProject
Global
	GlobalSection(SolutionConfigurationPlatforms) = preSolution
		Debug|Any CPU = Debug|Any CPU
		Release|Any CPU = Release|Any CPU
	EndGlobalSection
	GlobalSection(ProjectConfigurationPlatforms) = postSolution
		{597371DC-8F03-469F-9D47-AE63BB8ABCAA}.Debug|Any CPU.ActiveCfg = Debug|Any CPU
		{597371DC-8F03-469F-9D47-AE63BB8ABCAA}.Debug|Any CPU.Build.0 = Debug|Any CPU
		{597371DC-8F03-469F-9D47-AE63BB8ABCAA}.Release|Any CPU.ActiveCfg = Release|Any CPU
		{597371DC-8F03-469F-9D47-AE63BB8ABCAA}.Release|Any CPU.Build.0 = Release|Any CPU
	EndGlobalSection
	GlobalSection(SolutionProperties) = preSolution
		HideSolutionNode = FALSE
	EndGlobalSection
	GlobalSection(ExtensibilityGlobals) = postSolution
		SolutionGuid = {7046EA55-2ECA-4650-9F0B-A110AC535530}
	EndGlobalSection
EndGlobal
