
Microsoft Visual Studio Solution File, Format Version 12.00
# Visual Studio Version 17
VisualStudioVersion = 17.14.36811.4 d17.14
MinimumVisualStudioVersion = 10.0.40219.1
Project("{FAE04EC0-301F-11D3-BF4B-00C04F79EFBC}") = "exercicio8", "exercicio8\exercicio8.csproj", "{22811943-ED40-49B1-B8A6-268DAFDC8AF2}"
EndProject
Global
	GlobalSection(SolutionConfigurationPlatforms) = preSolution
		Debug|Any CPU = Debug|Any CPU
		Release|Any CPU = Release|Any CPU
	EndGlobalSection
	GlobalSection(ProjectConfigurationPlatforms) = postSolution
		{22811943-ED40-49B1-B8A6-268DAFDC8AF2}.Debug|Any CPU.ActiveCfg = Debug|Any CPU
		{22811943-ED40-49B1-B8A6-268DAFDC8AF2}.Debug|Any CPU.Build.0 = Debug|Any CPU
		{22811943-ED40-49B1-B8A6-268DAFDC8AF2}.Release|Any CPU.ActiveCfg = Release|Any CPU
		{22811943-ED40-49B1-B8A6-268DAFDC8AF2}.Release|Any CPU.Build.0 = Release|Any CPU
	EndGlobalSection
	GlobalSection(SolutionProperties) = preSolution
		HideSolutionNode = FALSE
	EndGlobalSection
	GlobalSection(ExtensibilityGlobals) = postSolution
		SolutionGuid = {4683B7A0-BFAB-4302-881B-14B18169BDD3}
	EndGlobalSection
EndGlobal
