
Microsoft Visual Studio Solution File, Format Version 12.00
# Visual Studio Version 17
VisualStudioVersion = 17.14.36811.4 d17.14
MinimumVisualStudioVersion = 10.0.40219.1
Project("{FAE04EC0-301F-11D3-BF4B-00C04F79EFBC}") = "exercicio9", "exercicio9\exercicio9.csproj", "{89D853C7-BE04-4605-B20B-F93CA11B9B36}"
EndProject
Global
	GlobalSection(SolutionConfigurationPlatforms) = preSolution
		Debug|Any CPU = Debug|Any CPU
		Release|Any CPU = Release|Any CPU
	EndGlobalSection
	GlobalSection(ProjectConfigurationPlatforms) = postSolution
		{89D853C7-BE04-4605-B20B-F93CA11B9B36}.Debug|Any CPU.ActiveCfg = Debug|Any CPU
		{89D853C7-BE04-4605-B20B-F93CA11B9B36}.Debug|Any CPU.Build.0 = Debug|Any CPU
		{89D853C7-BE04-4605-B20B-F93CA11B9B36}.Release|Any CPU.ActiveCfg = Release|Any CPU
		{89D853C7-BE04-4605-B20B-F93CA11B9B36}.Release|Any CPU.Build.0 = Release|Any CPU
	EndGlobalSection
	GlobalSection(SolutionProperties) = preSolution
		HideSolutionNode = FALSE
	EndGlobalSection
	GlobalSection(ExtensibilityGlobals) = postSolution
		SolutionGuid = {41880218-4FEB-4D86-9D02-D79D4D92BD7F}
	EndGlobalSection
EndGlobal
