
Microsoft Visual Studio Solution File, Format Version 12.00
# Visual Studio Version 17
VisualStudioVersion = 17.14.36811.4 d17.14
MinimumVisualStudioVersion = 10.0.40219.1
Project("{FAE04EC0-301F-11D3-BF4B-00C04F79EFBC}") = "comandoDrone", "comandoDrone\comandoDrone.csproj", "{9044FB48-E41E-443D-AFDB-8F0D4C899014}"
EndProject
Global
	GlobalSection(SolutionConfigurationPlatforms) = preSolution
		Debug|Any CPU = Debug|Any CPU
		Release|Any CPU = Release|Any CPU
	EndGlobalSection
	GlobalSection(ProjectConfigurationPlatforms) = postSolution
		{9044FB48-E41E-443D-AFDB-8F0D4C899014}.Debug|Any CPU.ActiveCfg = Debug|Any CPU
		{9044FB48-E41E-443D-AFDB-8F0D4C899014}.Debug|Any CPU.Build.0 = Debug|Any CPU
		{9044FB48-E41E-443D-AFDB-8F0D4C899014}.Release|Any CPU.ActiveCfg = Release|Any CPU
		{9044FB48-E41E-443D-AFDB-8F0D4C899014}.Release|Any CPU.Build.0 = Release|Any CPU
	EndGlobalSection
	GlobalSection(SolutionProperties) = preSolution
		HideSolutionNode = FALSE
	EndGlobalSection
	GlobalSection(ExtensibilityGlobals) = postSolution
		SolutionGuid = {7D92ABD6-DFA1-4C87-A76E-D3D936F8356D}
	EndGlobalSection
EndGlobal
